
Microsoft Visual Studio Solution File, Format Version 12.00
# Visual Studio Version 16
VisualStudioVersion = 16.0.30611.23
MinimumVisualStudioVersion = 10.0.40219.1
Project("{2150E333-8FDC-42A3-9474-1A3956D46DE8}") = "src", "src", "{1C9FE496-C68B-4C0D-A28C-F91F7D4EA240}"
EndProject
Project("{2150E333-8FDC-42A3-9474-1A3956D46DE8}") = "test", "test", "{5C57871C-BB61-4BF0-B98F-EC11B7B7FD5E}"
EndProject
Project("{9A19103F-16F7-4668-BE54-9A1E7A4F7556}") = "Showcase.PokeApi.Test", "test\Showcase.PokeApi.Test\Showcase.PokeApi.Test.csproj", "{08AAEA67-3381-4417-92DF-ED3D63C50B15}"
EndProject
Project("{9A19103F-16F7-4668-BE54-9A1E7A4F7556}") = "Showcase.PokeApi", "src\Showcase.PokeApi\Showcase.PokeApi.csproj", "{567F7FC1-676F-43BD-B933-EB5EC24FA70D}"
EndProject
Global
	GlobalSection(SolutionConfigurationPlatforms) = preSolution
		Debug|Any CPU = Debug|Any CPU
		Release|Any CPU = Release|Any CPU
	EndGlobalSection
	GlobalSection(ProjectConfigurationPlatforms) = postSolution
		{08AAEA67-3381-4417-92DF-ED3D63C50B15}.Debug|Any CPU.ActiveCfg = Debug|Any CPU
		{08AAEA67-3381-4417-92DF-ED3D63C50B15}.Debug|Any CPU.Build.0 = Debug|Any CPU
		{08AAEA67-3381-4417-92DF-ED3D63C50B15}.Release|Any CPU.ActiveCfg = Release|Any CPU
		{08AAEA67-3381-4417-92DF-ED3D63C50B15}.Release|Any CPU.Build.0 = Release|Any CPU
		{567F7FC1-676F-43BD-B933-EB5EC24FA70D}.Debug|Any CPU.ActiveCfg = Debug|Any CPU
		{567F7FC1-676F-43BD-B933-EB5EC24FA70D}.Debug|Any CPU.Build.0 = Debug|Any CPU
		{567F7FC1-676F-43BD-B933-EB5EC24FA70D}.Release|Any CPU.ActiveCfg = Release|Any CPU
		{567F7FC1-676F-43BD-B933-EB5EC24FA70D}.Release|Any CPU.Build.0 = Release|Any CPU
	EndGlobalSection
	GlobalSection(SolutionProperties) = preSolution
		HideSolutionNode = FALSE
	EndGlobalSection
	GlobalSection(NestedProjects) = preSolution
		{08AAEA67-3381-4417-92DF-ED3D63C50B15} = {5C57871C-BB61-4BF0-B98F-EC11B7B7FD5E}
		{567F7FC1-676F-43BD-B933-EB5EC24FA70D} = {1C9FE496-C68B-4C0D-A28C-F91F7D4EA240}
	EndGlobalSection
	GlobalSection(ExtensibilityGlobals) = postSolution
		SolutionGuid = {89D098BE-4057-4C14-9F63-084856FA9249}
	EndGlobalSection
EndGlobal
